
Microsoft Visual Studio Solution File, Format Version 12.00
# Visual Studio Version 17
VisualStudioVersion = 17.7.34202.233
MinimumVisualStudioVersion = 10.0.40219.1
Project("{FAE04EC0-301F-11D3-BF4B-00C04F79EFBC}") = "hexadecimal number system to binary number system", "hexadecimal number system to binary number system\hexadecimal number system to binary number system.csproj", "{65D68AAF-3C9B-4441-BA4F-F8FDD041ADAD}"
EndProject
Global
	GlobalSection(SolutionConfigurationPlatforms) = preSolution
		Debug|Any CPU = Debug|Any CPU
		Release|Any CPU = Release|Any CPU
	EndGlobalSection
	GlobalSection(ProjectConfigurationPlatforms) = postSolution
		{65D68AAF-3C9B-4441-BA4F-F8FDD041ADAD}.Debug|Any CPU.ActiveCfg = Debug|Any CPU
		{65D68AAF-3C9B-4441-BA4F-F8FDD041ADAD}.Debug|Any CPU.Build.0 = Debug|Any CPU
		{65D68AAF-3C9B-4441-BA4F-F8FDD041ADAD}.Release|Any CPU.ActiveCfg = Release|Any CPU
		{65D68AAF-3C9B-4441-BA4F-F8FDD041ADAD}.Release|Any CPU.Build.0 = Release|Any CPU
	EndGlobalSection
	GlobalSection(SolutionProperties) = preSolution
		HideSolutionNode = FALSE
	EndGlobalSection
	GlobalSection(ExtensibilityGlobals) = postSolution
		SolutionGuid = {BEDB130D-39AA-4B8F-97B6-8FC0B5C5CC9D}
	EndGlobalSection
EndGlobal
